// !$*UTF8*$!
{
	archiveVersion = 1;
	classes = {
	};
	objectVersion = 50;
	objects = {

/* Begin PBXBuildFile section */
		5A7014302246C6C4009EC77F /* CameraViewController.swift in Sources */ = {isa = PBXBuildFile; fileRef = 5A70142F2246C6C4009EC77F /* CameraViewController.swift */; };
		5A7F88552244433000FD0B3B /* AppDelegate.swift in Sources */ = {isa = PBXBuildFile; fileRef = 5A7F88542244433000FD0B3B /* AppDelegate.swift */; };
		5A7F885A2244433000FD0B3B /* Main.storyboard in Resources */ = {isa = PBXBuildFile; fileRef = 5A7F88582244433000FD0B3B /* Main.storyboard */; };
		5A7F885C2244433200FD0B3B /* Assets.xcassets in Resources */ = {isa = PBXBuildFile; fileRef = 5A7F885B2244433200FD0B3B /* Assets.xcassets */; };
		5A7F885F2244433200FD0B3B /* LaunchScreen.storyboard in Resources */ = {isa = PBXBuildFile; fileRef = 5A7F885D2244433200FD0B3B /* LaunchScreen.storyboard */; };
		5A7F886A2244433200FD0B3B /* ParstagramTests.swift in Sources */ = {isa = PBXBuildFile; fileRef = 5A7F88692244433200FD0B3B /* ParstagramTests.swift */; };
		5A7F88752244433200FD0B3B /* ParstagramUITests.swift in Sources */ = {isa = PBXBuildFile; fileRef = 5A7F88742244433200FD0B3B /* ParstagramUITests.swift */; };
		5AF380D422445BCB008D1C7E /* LoginViewController.swift in Sources */ = {isa = PBXBuildFile; fileRef = 5AF380D322445BCB008D1C7E /* LoginViewController.swift */; };
		5AF380D622445BD6008D1C7E /* FeedViewController.swift in Sources */ = {isa = PBXBuildFile; fileRef = 5AF380D522445BD6008D1C7E /* FeedViewController.swift */; };
		644B308D4045964E141EA462 /* Pods_ParstagramTests.framework in Frameworks */ = {isa = PBXBuildFile; fileRef = 44419BEF682C97C02A952456 /* Pods_ParstagramTests.framework */; };
		74AF5C9D1D235DE9B794720D /* Pods_ParstagramUITests.framework in Frameworks */ = {isa = PBXBuildFile; fileRef = D4E82B017C0924596D40F062 /* Pods_ParstagramUITests.framework */; };
		D51C2FA64F7CB816BB42CF8B /* Pods_Parstagram.framework in Frameworks */ = {isa = PBXBuildFile; fileRef = 533D3B6108DBAADB67B7E4A7 /* Pods_Parstagram.framework */; };
/* End PBXBuildFile section */

/* Begin PBXContainerItemProxy section */
		5A7F88662244433200FD0B3B /* PBXContainerItemProxy */ = {
			isa = PBXContainerItemProxy;
			containerPortal = 5A7F88492244433000FD0B3B /* Project object */;
			proxyType = 1;
			remoteGlobalIDString = 5A7F88502244433000FD0B3B;
			remoteInfo = Parstagram;
		};
		5A7F88712244433200FD0B3B /* PBXContainerItemProxy */ = {
			isa = PBXContainerItemProxy;
			containerPortal = 5A7F88492244433000FD0B3B /* Project object */;
			proxyType = 1;
			remoteGlobalIDString = 5A7F88502244433000FD0B3B;
			remoteInfo = Parstagram;
		};
/* End PBXContainerItemProxy section */

/* Begin PBXFileReference section */
		13EDD43715465D371A26A0BA /* Pods-ParstagramTests.debug.xcconfig */ = {isa = PBXFileReference; includeInIndex = 1; lastKnownFileType = text.xcconfig; name = "Pods-ParstagramTests.debug.xcconfig"; path = "Target Support Files/Pods-ParstagramTests/Pods-ParstagramTests.debug.xcconfig"; sourceTree = "<group>"; };
		44419BEF682C97C02A952456 /* Pods_ParstagramTests.framework */ = {isa = PBXFileReference; explicitFileType = wrapper.framework; includeInIndex = 0; path = Pods_ParstagramTests.framework; sourceTree = BUILT_PRODUCTS_DIR; };
		533D3B6108DBAADB67B7E4A7 /* Pods_Parstagram.framework */ = {isa = PBXFileReference; explicitFileType = wrapper.framework; includeInIndex = 0; path = Pods_Parstagram.framework; sourceTree = BUILT_PRODUCTS_DIR; };
		5A70142F2246C6C4009EC77F /* CameraViewController.swift */ = {isa = PBXFileReference; lastKnownFileType = sourcecode.swift; path = CameraViewController.swift; sourceTree = "<group>"; };
		5A7F88512244433000FD0B3B /* Parstagram.app */ = {isa = PBXFileReference; explicitFileType = wrapper.application; includeInIndex = 0; path = Parstagram.app; sourceTree = BUILT_PRODUCTS_DIR; };
		5A7F88542244433000FD0B3B /* AppDelegate.swift */ = {isa = PBXFileReference; lastKnownFileType = sourcecode.swift; path = AppDelegate.swift; sourceTree = "<group>"; };
		5A7F88592244433000FD0B3B /* Base */ = {isa = PBXFileReference; lastKnownFileType = file.storyboard; name = Base; path = Base.lproj/Main.storyboard; sourceTree = "<group>"; };
		5A7F885B2244433200FD0B3B /* Assets.xcassets */ = {isa = PBXFileReference; lastKnownFileType = folder.assetcatalog; path = Assets.xcassets; sourceTree = "<group>"; };
		5A7F885E2244433200FD0B3B /* Base */ = {isa = PBXFileReference; lastKnownFileType = file.storyboard; name = Base; path = Base.lproj/LaunchScreen.storyboard; sourceTree = "<group>"; };
		5A7F88602244433200FD0B3B /* Info.plist */ = {isa = PBXFileReference; lastKnownFileType = text.plist.xml; path = Info.plist; sourceTree = "<group>"; };
		5A7F88652244433200FD0B3B /* ParstagramTests.xctest */ = {isa = PBXFileReference; explicitFileType = wrapper.cfbundle; includeInIndex = 0; path = ParstagramTests.xctest; sourceTree = BUILT_PRODUCTS_DIR; };
		5A7F88692244433200FD0B3B /* ParstagramTests.swift */ = {isa = PBXFileReference; lastKnownFileType = sourcecode.swift; path = ParstagramTests.swift; sourceTree = "<group>"; };
		5A7F886B2244433200FD0B3B /* Info.plist */ = {isa = PBXFileReference; lastKnownFileType = text.plist.xml; path = Info.plist; sourceTree = "<group>"; };
		5A7F88702244433200FD0B3B /* ParstagramUITests.xctest */ = {isa = PBXFileReference; explicitFileType = wrapper.cfbundle; includeInIndex = 0; path = ParstagramUITests.xctest; sourceTree = BUILT_PRODUCTS_DIR; };
		5A7F88742244433200FD0B3B /* ParstagramUITests.swift */ = {isa = PBXFileReference; lastKnownFileType = sourcecode.swift; path = ParstagramUITests.swift; sourceTree = "<group>"; };
		5A7F88762244433200FD0B3B /* Info.plist */ = {isa = PBXFileReference; lastKnownFileType = text.plist.xml; path = Info.plist; sourceTree = "<group>"; };
		5AF380D322445BCB008D1C7E /* LoginViewController.swift */ = {isa = PBXFileReference; lastKnownFileType = sourcecode.swift; path = LoginViewController.swift; sourceTree = "<group>"; };
		5AF380D522445BD6008D1C7E /* FeedViewController.swift */ = {isa = PBXFileReference; lastKnownFileType = sourcecode.swift; path = FeedViewController.swift; sourceTree = "<group>"; };
		62D0BCCCFE359605CBBF4734 /* Pods-ParstagramTests.release.xcconfig */ = {isa = PBXFileReference; includeInIndex = 1; lastKnownFileType = text.xcconfig; name = "Pods-ParstagramTests.release.xcconfig"; path = "Target Support Files/Pods-ParstagramTests/Pods-ParstagramTests.release.xcconfig"; sourceTree = "<group>"; };
		878716A3AA0B8924D65EAA84 /* Pods-ParstagramUITests.debug.xcconfig */ = {isa = PBXFileReference; includeInIndex = 1; lastKnownFileType = text.xcconfig; name = "Pods-ParstagramUITests.debug.xcconfig"; path = "Target Support Files/Pods-ParstagramUITests/Pods-ParstagramUITests.debug.xcconfig"; sourceTree = "<group>"; };
		A8D644EC44B83B19F6E176DD /* Pods-Parstagram.debug.xcconfig */ = {isa = PBXFileReference; includeInIndex = 1; lastKnownFileType = text.xcconfig; name = "Pods-Parstagram.debug.xcconfig"; path = "Target Support Files/Pods-Parstagram/Pods-Parstagram.debug.xcconfig"; sourceTree = "<group>"; };
		B30AF5D1358DFB886B0F7DF1 /* Pods-Parstagram.release.xcconfig */ = {isa = PBXFileReference; includeInIndex = 1; lastKnownFileType = text.xcconfig; name = "Pods-Parstagram.release.xcconfig"; path = "Target Support Files/Pods-Parstagram/Pods-Parstagram.release.xcconfig"; sourceTree = "<group>"; };
		D4E82B017C0924596D40F062 /* Pods_ParstagramUITests.framework */ = {isa = PBXFileReference; explicitFileType = wrapper.framework; includeInIndex = 0; path = Pods_ParstagramUITests.framework; sourceTree = BUILT_PRODUCTS_DIR; };
		E66AB73C58612046FFCE17BC /* Pods-ParstagramUITests.release.xcconfig */ = {isa = PBXFileReference; includeInIndex = 1; lastKnownFileType = text.xcconfig; name = "Pods-ParstagramUITests.release.xcconfig"; path = "Target Support Files/Pods-ParstagramUITests/Pods-ParstagramUITests.release.xcconfig"; sourceTree = "<group>"; };
/* End PBXFileReference section */

/* Begin PBXFrameworksBuildPhase section */
		5A7F884E2244433000FD0B3B /* Frameworks */ = {
			isa = PBXFrameworksBuildPhase;
			buildActionMask = 2147483647;
			files = (
				D51C2FA64F7CB816BB42CF8B /* Pods_Parstagram.framework in Frameworks */,
			);
			runOnlyForDeploymentPostprocessing = 0;
		};
		5A7F88622244433200FD0B3B /* Frameworks */ = {
			isa = PBXFrameworksBuildPhase;
			buildActionMask = 2147483647;
			files = (
				644B308D4045964E141EA462 /* Pods_ParstagramTests.framework in Frameworks */,
			);
			runOnlyForDeploymentPostprocessing = 0;
		};
		5A7F886D2244433200FD0B3B /* Frameworks */ = {
			isa = PBXFrameworksBuildPhase;
			buildActionMask = 2147483647;
			files = (
				74AF5C9D1D235DE9B794720D /* Pods_ParstagramUITests.framework in Frameworks */,
			);
			runOnlyForDeploymentPostprocessing = 0;
		};
/* End PBXFrameworksBuildPhase section */

/* Begin PBXGroup section */
		5A7F88482244433000FD0B3B = {
			isa = PBXGroup;
			children = (
				5A7F88532244433000FD0B3B /* Parstagram */,
				5A7F88682244433200FD0B3B /* ParstagramTests */,
				5A7F88732244433200FD0B3B /* ParstagramUITests */,
				5A7F88522244433000FD0B3B /* Products */,
				DCDFD61E1C4B8303EE8026A8 /* Pods */,
				FE3D9F8349917A422F6C6A74 /* Frameworks */,
			);
			sourceTree = "<group>";
		};
		5A7F88522244433000FD0B3B /* Products */ = {
			isa = PBXGroup;
			children = (
				5A7F88512244433000FD0B3B /* Parstagram.app */,
				5A7F88652244433200FD0B3B /* ParstagramTests.xctest */,
				5A7F88702244433200FD0B3B /* ParstagramUITests.xctest */,
			);
			name = Products;
			sourceTree = "<group>";
		};
		5A7F88532244433000FD0B3B /* Parstagram */ = {
			isa = PBXGroup;
			children = (
				5A7F88542244433000FD0B3B /* AppDelegate.swift */,
				5A7F88582244433000FD0B3B /* Main.storyboard */,
				5A7F885B2244433200FD0B3B /* Assets.xcassets */,
				5A7F885D2244433200FD0B3B /* LaunchScreen.storyboard */,
				5A7F88602244433200FD0B3B /* Info.plist */,
				5AF380D322445BCB008D1C7E /* LoginViewController.swift */,
				5AF380D522445BD6008D1C7E /* FeedViewController.swift */,
				5A70142F2246C6C4009EC77F /* CameraViewController.swift */,
			);
			path = Parstagram;
			sourceTree = "<group>";
		};
		5A7F88682244433200FD0B3B /* ParstagramTests */ = {
			isa = PBXGroup;
			children = (
				5A7F88692244433200FD0B3B /* ParstagramTests.swift */,
				5A7F886B2244433200FD0B3B /* Info.plist */,
			);
			path = ParstagramTests;
			sourceTree = "<group>";
		};
		5A7F88732244433200FD0B3B /* ParstagramUITests */ = {
			isa = PBXGroup;
			children = (
				5A7F88742244433200FD0B3B /* ParstagramUITests.swift */,
				5A7F88762244433200FD0B3B /* Info.plist */,
			);
			path = ParstagramUITests;
			sourceTree = "<group>";
		};
		DCDFD61E1C4B8303EE8026A8 /* Pods */ = {
			isa = PBXGroup;
			children = (
				A8D644EC44B83B19F6E176DD /* Pods-Parstagram.debug.xcconfig */,
				B30AF5D1358DFB886B0F7DF1 /* Pods-Parstagram.release.xcconfig */,
				13EDD43715465D371A26A0BA /* Pods-ParstagramTests.debug.xcconfig */,
				62D0BCCCFE359605CBBF4734 /* Pods-ParstagramTests.release.xcconfig */,
				878716A3AA0B8924D65EAA84 /* Pods-ParstagramUITests.debug.xcconfig */,
				E66AB73C58612046FFCE17BC /* Pods-ParstagramUITests.release.xcconfig */,
			);
			path = Pods;
			sourceTree = "<group>";
		};
		FE3D9F8349917A422F6C6A74 /* Frameworks */ = {
			isa = PBXGroup;
			children = (
				533D3B6108DBAADB67B7E4A7 /* Pods_Parstagram.framework */,
				44419BEF682C97C02A952456 /* Pods_ParstagramTests.framework */,
				D4E82B017C0924596D40F062 /* Pods_ParstagramUITests.framework */,
			);
			name = Frameworks;
			sourceTree = "<group>";
		};
/* End PBXGroup section */

/* Begin PBXNativeTarget section */
		5A7F88502244433000FD0B3B /* Parstagram */ = {
			isa = PBXNativeTarget;
			buildConfigurationList = 5A7F88792244433200FD0B3B /* Build configuration list for PBXNativeTarget "Parstagram" */;
			buildPhases = (
				B6D268E923588DA43B61C915 /* [CP] Check Pods Manifest.lock */,
				5A7F884D2244433000FD0B3B /* Sources */,
				5A7F884E2244433000FD0B3B /* Frameworks */,
				5A7F884F2244433000FD0B3B /* Resources */,
				5B45CF8B3DDE5DB96DC9486C /* [CP] Embed Pods Frameworks */,
			);
			buildRules = (
			);
			dependencies = (
			);
			name = Parstagram;
			productName = Parstagram;
			productReference = 5A7F88512244433000FD0B3B /* Parstagram.app */;
			productType = "com.apple.product-type.application";
		};
		5A7F88642244433200FD0B3B /* ParstagramTests */ = {
			isa = PBXNativeTarget;
			buildConfigurationList = 5A7F887C2244433200FD0B3B /* Build configuration list for PBXNativeTarget "ParstagramTests" */;
			buildPhases = (
				712EA8B3D9F677AAA38C6563 /* [CP] Check Pods Manifest.lock */,
				5A7F88612244433200FD0B3B /* Sources */,
				5A7F88622244433200FD0B3B /* Frameworks */,
				5A7F88632244433200FD0B3B /* Resources */,
			);
			buildRules = (
			);
			dependencies = (
				5A7F88672244433200FD0B3B /* PBXTargetDependency */,
			);
			name = ParstagramTests;
			productName = ParstagramTests;
			productReference = 5A7F88652244433200FD0B3B /* ParstagramTests.xctest */;
			productType = "com.apple.product-type.bundle.unit-test";
		};
		5A7F886F2244433200FD0B3B /* ParstagramUITests */ = {
			isa = PBXNativeTarget;
			buildConfigurationList = 5A7F887F2244433200FD0B3B /* Build configuration list for PBXNativeTarget "ParstagramUITests" */;
			buildPhases = (
				70A1DE7DA017AC7E1900731F /* [CP] Check Pods Manifest.lock */,
				5A7F886C2244433200FD0B3B /* Sources */,
				5A7F886D2244433200FD0B3B /* Frameworks */,
				5A7F886E2244433200FD0B3B /* Resources */,
			);
			buildRules = (
			);
			dependencies = (
				5A7F88722244433200FD0B3B /* PBXTargetDependency */,
			);
			name = ParstagramUITests;
			productName = ParstagramUITests;
			productReference = 5A7F88702244433200FD0B3B /* ParstagramUITests.xctest */;
			productType = "com.apple.product-type.bundle.ui-testing";
		};
/* End PBXNativeTarget section */

/* Begin PBXProject section */
		5A7F88492244433000FD0B3B /* Project object */ = {
			isa = PBXProject;
			attributes = {
				LastSwiftUpdateCheck = 1010;
				LastUpgradeCheck = 1010;
				ORGANIZATIONNAME = "Hunter Boleman";
				TargetAttributes = {
					5A7F88502244433000FD0B3B = {
						CreatedOnToolsVersion = 10.1;
					};
					5A7F88642244433200FD0B3B = {
						CreatedOnToolsVersion = 10.1;
						TestTargetID = 5A7F88502244433000FD0B3B;
					};
					5A7F886F2244433200FD0B3B = {
						CreatedOnToolsVersion = 10.1;
						TestTargetID = 5A7F88502244433000FD0B3B;
					};
				};
			};
			buildConfigurationList = 5A7F884C2244433000FD0B3B /* Build configuration list for PBXProject "Parstagram" */;
			compatibilityVersion = "Xcode 9.3";
			developmentRegion = en;
			hasScannedForEncodings = 0;
			knownRegions = (
				en,
				Base,
			);
			mainGroup = 5A7F88482244433000FD0B3B;
			productRefGroup = 5A7F88522244433000FD0B3B /* Products */;
			projectDirPath = "";
			projectRoot = "";
			targets = (
				5A7F88502244433000FD0B3B /* Parstagram */,
				5A7F88642244433200FD0B3B /* ParstagramTests */,
				5A7F886F2244433200FD0B3B /* ParstagramUITests */,
			);
		};
/* End PBXProject section */

/* Begin PBXResourcesBuildPhase section */
		5A7F884F2244433000FD0B3B /* Resources */ = {
			isa = PBXResourcesBuildPhase;
			buildActionMask = 2147483647;
			files = (
				5A7F885F2244433200FD0B3B /* LaunchScreen.storyboard in Resources */,
				5A7F885C2244433200FD0B3B /* Assets.xcassets in Resources */,
				5A7F885A2244433000FD0B3B /* Main.storyboard in Resources */,
			);
			runOnlyForDeploymentPostprocessing = 0;
		};
		5A7F88632244433200FD0B3B /* Resources */ = {
			isa = PBXResourcesBuildPhase;
			buildActionMask = 2147483647;
			files = (
			);
			runOnlyForDeploymentPostprocessing = 0;
		};
		5A7F886E2244433200FD0B3B /* Resources */ = {
			isa = PBXResourcesBuildPhase;
			buildActionMask = 2147483647;
			files = (
			);
			runOnlyForDeploymentPostprocessing = 0;
		};
/* End PBXResourcesBuildPhase section */

/* Begin PBXShellScriptBuildPhase section */
		5B45CF8B3DDE5DB96DC9486C /* [CP] Embed Pods Frameworks */ = {
			isa = PBXShellScriptBuildPhase;
			buildActionMask = 2147483647;
			files = (
			);
			inputFileListPaths = (
			);
			inputPaths = (
				"${PODS_ROOT}/Target Support Files/Pods-Parstagram/Pods-Parstagram-frameworks.sh",
				"${BUILT_PRODUCTS_DIR}/Alamofire/Alamofire.framework",
				"${BUILT_PRODUCTS_DIR}/AlamofireImage/AlamofireImage.framework",
				"${BUILT_PRODUCTS_DIR}/Bolts/Bolts.framework",
				"${BUILT_PRODUCTS_DIR}/Parse/Parse.framework",
			);
			name = "[CP] Embed Pods Frameworks";
			outputFileListPaths = (
			);
			outputPaths = (
				"${TARGET_BUILD_DIR}/${FRAMEWORKS_FOLDER_PATH}/Alamofire.framework",
				"${TARGET_BUILD_DIR}/${FRAMEWORKS_FOLDER_PATH}/AlamofireImage.framework",
				"${TARGET_BUILD_DIR}/${FRAMEWORKS_FOLDER_PATH}/Bolts.framework",
				"${TARGET_BUILD_DIR}/${FRAMEWORKS_FOLDER_PATH}/Parse.framework",
			);
			runOnlyForDeploymentPostprocessing = 0;
			shellPath = /bin/sh;
			shellScript = "\"${PODS_ROOT}/Target Support Files/Pods-Parstagram/Pods-Parstagram-frameworks.sh\"\n";
			showEnvVarsInLog = 0;
		};
		70A1DE7DA017AC7E1900731F /* [CP] Check Pods Manifest.lock */ = {
			isa = PBXShellScriptBuildPhase;
			buildActionMask = 2147483647;
			files = (
			);
			inputFileListPaths = (
			);
			inputPaths = (
				"${PODS_PODFILE_DIR_PATH}/Podfile.lock",
				"${PODS_ROOT}/Manifest.lock",
			);
			name = "[CP] Check Pods Manifest.lock";
			outputFileListPaths = (
			);
			outputPaths = (
				"$(DERIVED_FILE_DIR)/Pods-ParstagramUITests-checkManifestLockResult.txt",
			);
			runOnlyForDeploymentPostprocessing = 0;
			shellPath = /bin/sh;
			shellScript = "diff \"${PODS_PODFILE_DIR_PATH}/Podfile.lock\" \"${PODS_ROOT}/Manifest.lock\" > /dev/null\nif [ $? != 0 ] ; then\n    # print error to STDERR\n    echo \"error: The sandbox is not in sync with the Podfile.lock. Run 'pod install' or update your CocoaPods installation.\" >&2\n    exit 1\nfi\n# This output is used by Xcode 'outputs' to avoid re-running this script phase.\necho \"SUCCESS\" > \"${SCRIPT_OUTPUT_FILE_0}\"\n";
			showEnvVarsInLog = 0;
		};
		712EA8B3D9F677AAA38C6563 /* [CP] Check Pods Manifest.lock */ = {
			isa = PBXShellScriptBuildPhase;
			buildActionMask = 2147483647;
			files = (
			);
			inputFileListPaths = (
			);
			inputPaths = (
				"${PODS_PODFILE_DIR_PATH}/Podfile.lock",
				"${PODS_ROOT}/Manifest.lock",
			);
			name = "[CP] Check Pods Manifest.lock";
			outputFileListPaths = (
			);
			outputPaths = (
				"$(DERIVED_FILE_DIR)/Pods-ParstagramTests-checkManifestLockResult.txt",
			);
			runOnlyForDeploymentPostprocessing = 0;
			shellPath = /bin/sh;
			shellScript = "diff \"${PODS_PODFILE_DIR_PATH}/Podfile.lock\" \"${PODS_ROOT}/Manifest.lock\" > /dev/null\nif [ $? != 0 ] ; then\n    # print error to STDERR\n    echo \"error: The sandbox is not in sync with the Podfile.lock. Run 'pod install' or update your CocoaPods installation.\" >&2\n    exit 1\nfi\n# This output is used by Xcode 'outputs' to avoid re-running this script phase.\necho \"SUCCESS\" > \"${SCRIPT_OUTPUT_FILE_0}\"\n";
			showEnvVarsInLog = 0;
		};
		B6D268E923588DA43B61C915 /* [CP] Check Pods Manifest.lock */ = {
			isa = PBXShellScriptBuildPhase;
			buildActionMask = 2147483647;
			files = (
			);
			inputFileListPaths = (
			);
			inputPaths = (
				"${PODS_PODFILE_DIR_PATH}/Podfile.lock",
				"${PODS_ROOT}/Manifest.lock",
			);
			name = "[CP] Check Pods Manifest.lock";
			outputFileListPaths = (
			);
			outputPaths = (
				"$(DERIVED_FILE_DIR)/Pods-Parstagram-checkManifestLockResult.txt",
			);
			runOnlyForDeploymentPostprocessing = 0;
			shellPath = /bin/sh;
			shellScript = "diff \"${PODS_PODFILE_DIR_PATH}/Podfile.lock\" \"${PODS_ROOT}/Manifest.lock\" > /dev/null\nif [ $? != 0 ] ; then\n    # print error to STDERR\n    echo \"error: The sandbox is not in sync with the Podfile.lock. Run 'pod install' or update your CocoaPods installation.\" >&2\n    exit 1\nfi\n# This output is used by Xcode 'outputs' to avoid re-running this script phase.\necho \"SUCCESS\" > \"${SCRIPT_OUTPUT_FILE_0}\"\n";
			showEnvVarsInLog = 0;
		};
/* End PBXShellScriptBuildPhase section */

/* Begin PBXSourcesBuildPhase section */
		5A7F884D2244433000FD0B3B /* Sources */ = {
			isa = PBXSourcesBuildPhase;
			buildActionMask = 2147483647;
			files = (
				5AF380D422445BCB008D1C7E /* LoginViewController.swift in Sources */,
				5A7014302246C6C4009EC77F /* CameraViewController.swift in Sources */,
				5AF380D622445BD6008D1C7E /* FeedViewController.swift in Sources */,
				5A7F88552244433000FD0B3B /* AppDelegate.swift in Sources */,
			);
			runOnlyForDeploymentPostprocessing = 0;
		};
		5A7F88612244433200FD0B3B /* Sources */ = {
			isa = PBXSourcesBuildPhase;
			buildActionMask = 2147483647;
			files = (
				5A7F886A2244433200FD0B3B /* ParstagramTests.swift in Sources */,
			);
			runOnlyForDeploymentPostprocessing = 0;
		};
		5A7F886C2244433200FD0B3B /* Sources */ = {
			isa = PBXSourcesBuildPhase;
			buildActionMask = 2147483647;
			files = (
				5A7F88752244433200FD0B3B /* ParstagramUITests.swift in Sources */,
			);
			runOnlyForDeploymentPostprocessing = 0;
		};
/* End PBXSourcesBuildPhase section */

/* Begin PBXTargetDependency section */
		5A7F88672244433200FD0B3B /* PBXTargetDependency */ = {
			isa = PBXTargetDependency;
			target = 5A7F88502244433000FD0B3B /* Parstagram */;
			targetProxy = 5A7F88662244433200FD0B3B /* PBXContainerItemProxy */;
		};
		5A7F88722244433200FD0B3B /* PBXTargetDependency */ = {
			isa = PBXTargetDependency;
			target = 5A7F88502244433000FD0B3B /* Parstagram */;
			targetProxy = 5A7F88712244433200FD0B3B /* PBXContainerItemProxy */;
		};
/* End PBXTargetDependency section */

/* Begin PBXVariantGroup section */
		5A7F88582244433000FD0B3B /* Main.storyboard */ = {
			isa = PBXVariantGroup;
			children = (
				5A7F88592244433000FD0B3B /* Base */,
			);
			name = Main.storyboard;
			sourceTree = "<group>";
		};
		5A7F885D2244433200FD0B3B /* LaunchScreen.storyboard */ = {
			isa = PBXVariantGroup;
			children = (
				5A7F885E2244433200FD0B3B /* Base */,
			);
			name = LaunchScreen.storyboard;
			sourceTree = "<group>";
		};
/* End PBXVariantGroup section */

/* Begin XCBuildConfiguration section */
		5A7F88772244433200FD0B3B /* Debug */ = {
			isa = XCBuildConfiguration;
			buildSettings = {
				ALWAYS_SEARCH_USER_PATHS = NO;
				CLANG_ANALYZER_NONNULL = YES;
				CLANG_ANALYZER_NUMBER_OBJECT_CONVERSION = YES_AGGRESSIVE;
				CLANG_CXX_LANGUAGE_STANDARD = "gnu++14";
				CLANG_CXX_LIBRARY = "libc++";
				CLANG_ENABLE_MODULES = YES;
				CLANG_ENABLE_OBJC_ARC = YES;
				CLANG_ENABLE_OBJC_WEAK = YES;
				CLANG_WARN_BLOCK_CAPTURE_AUTORELEASING = YES;
				CLANG_WARN_BOOL_CONVERSION = YES;
				CLANG_WARN_COMMA = YES;
				CLANG_WARN_CONSTANT_CONVERSION = YES;
				CLANG_WARN_DEPRECATED_OBJC_IMPLEMENTATIONS = YES;
				CLANG_WARN_DIRECT_OBJC_ISA_USAGE = YES_ERROR;
				CLANG_WARN_DOCUMENTATION_COMMENTS = YES;
				CLANG_WARN_EMPTY_BODY = YES;
				CLANG_WARN_ENUM_CONVERSION = YES;
				CLANG_WARN_INFINITE_RECURSION = YES;
				CLANG_WARN_INT_CONVERSION = YES;
				CLANG_WARN_NON_LITERAL_NULL_CONVERSION = YES;
				CLANG_WARN_OBJC_IMPLICIT_RETAIN_SELF = YES;
				CLANG_WARN_OBJC_LITERAL_CONVERSION = YES;
				CLANG_WARN_OBJC_ROOT_CLASS = YES_ERROR;
				CLANG_WARN_RANGE_LOOP_ANALYSIS = YES;
				CLANG_WARN_STRICT_PROTOTYPES = YES;
				CLANG_WARN_SUSPICIOUS_MOVE = YES;
				CLANG_WARN_UNGUARDED_AVAILABILITY = YES_AGGRESSIVE;
				CLANG_WARN_UNREACHABLE_CODE = YES;
				CLANG_WARN__DUPLICATE_METHOD_MATCH = YES;
				CODE_SIGN_IDENTITY = "iPhone Developer";
				COPY_PHASE_STRIP = NO;
				DEBUG_INFORMATION_FORMAT = dwarf;
				ENABLE_STRICT_OBJC_MSGSEND = YES;
				ENABLE_TESTABILITY = YES;
				GCC_C_LANGUAGE_STANDARD = gnu11;
				GCC_DYNAMIC_NO_PIC = NO;
				GCC_NO_COMMON_BLOCKS = YES;
				GCC_OPTIMIZATION_LEVEL = 0;
				GCC_PREPROCESSOR_DEFINITIONS = (
					"DEBUG=1",
					"$(inherited)",
				);
				GCC_WARN_64_TO_32_BIT_CONVERSION = YES;
				GCC_WARN_ABOUT_RETURN_TYPE = YES_ERROR;
				GCC_WARN_UNDECLARED_SELECTOR = YES;
				GCC_WARN_UNINITIALIZED_AUTOS = YES_AGGRESSIVE;
				GCC_WARN_UNUSED_FUNCTION = YES;
				GCC_WARN_UNUSED_VARIABLE = YES;
				IPHONEOS_DEPLOYMENT_TARGET = 12.1;
				MTL_ENABLE_DEBUG_INFO = INCLUDE_SOURCE;
				MTL_FAST_MATH = YES;
				ONLY_ACTIVE_ARCH = YES;
				SDKROOT = iphoneos;
				SWIFT_ACTIVE_COMPILATION_CONDITIONS = DEBUG;
				SWIFT_OPTIMIZATION_LEVEL = "-Onone";
			};
			name = Debug;
		};
		5A7F88782244433200FD0B3B /* Release */ = {
			isa = XCBuildConfiguration;
			buildSettings = {
				ALWAYS_SEARCH_USER_PATHS = NO;
				CLANG_ANALYZER_NONNULL = YES;
				CLANG_ANALYZER_NUMBER_OBJECT_CONVERSION = YES_AGGRESSIVE;
				CLANG_CXX_LANGUAGE_STANDARD = "gnu++14";
				CLANG_CXX_LIBRARY = "libc++";
				CLANG_ENABLE_MODULES = YES;
				CLANG_ENABLE_OBJC_ARC = YES;
				CLANG_ENABLE_OBJC_WEAK = YES;
				CLANG_WARN_BLOCK_CAPTURE_AUTORELEASING = YES;
				CLANG_WARN_BOOL_CONVERSION = YES;
				CLANG_WARN_COMMA = YES;
				CLANG_WARN_CONSTANT_CONVERSION = YES;
				CLANG_WARN_DEPRECATED_OBJC_IMPLEMENTATIONS = YES;
				CLANG_WARN_DIRECT_OBJC_ISA_USAGE = YES_ERROR;
				CLANG_WARN_DOCUMENTATION_COMMENTS = YES;
				CLANG_WARN_EMPTY_BODY = YES;
				CLANG_WARN_ENUM_CONVERSION = YES;
				CLANG_WARN_INFINITE_RECURSION = YES;
				CLANG_WARN_INT_CONVERSION = YES;
				CLANG_WARN_NON_LITERAL_NULL_CONVERSION = YES;
				CLANG_WARN_OBJC_IMPLICIT_RETAIN_SELF = YES;
				CLANG_WARN_OBJC_LITERAL_CONVERSION = YES;
				CLANG_WARN_OBJC_ROOT_CLASS = YES_ERROR;
				CLANG_WARN_RANGE_LOOP_ANALYSIS = YES;
				CLANG_WARN_STRICT_PROTOTYPES = YES;
				CLANG_WARN_SUSPICIOUS_MOVE = YES;
				CLANG_WARN_UNGUARDED_AVAILABILITY = YES_AGGRESSIVE;
				CLANG_WARN_UNREACHABLE_CODE = YES;
				CLANG_WARN__DUPLICATE_METHOD_MATCH = YES;
				CODE_SIGN_IDENTITY = "iPhone Developer";
				COPY_PHASE_STRIP = NO;
				DEBUG_INFORMATION_FORMAT = "dwarf-with-dsym";
				ENABLE_NS_ASSERTIONS = NO;
				ENABLE_STRICT_OBJC_MSGSEND = YES;
				GCC_C_LANGUAGE_STANDARD = gnu11;
				GCC_NO_COMMON_BLOCKS = YES;
				GCC_WARN_64_TO_32_BIT_CONVERSION = YES;
				GCC_WARN_ABOUT_RETURN_TYPE = YES_ERROR;
				GCC_WARN_UNDECLARED_SELECTOR = YES;
				GCC_WARN_UNINITIALIZED_AUTOS = YES_AGGRESSIVE;
				GCC_WARN_UNUSED_FUNCTION = YES;
				GCC_WARN_UNUSED_VARIABLE = YES;
				IPHONEOS_DEPLOYMENT_TARGET = 12.1;
				MTL_ENABLE_DEBUG_INFO = NO;
				MTL_FAST_MATH = YES;
				SDKROOT = iphoneos;
				SWIFT_COMPILATION_MODE = wholemodule;
				SWIFT_OPTIMIZATION_LEVEL = "-O";
				VALIDATE_PRODUCT = YES;
			};
			name = Release;
		};
		5A7F887A2244433200FD0B3B /* Debug */ = {
			isa = XCBuildConfiguration;
			baseConfigurationReference = A8D644EC44B83B19F6E176DD /* Pods-Parstagram.debug.xcconfig */;
			buildSettings = {
				ASSETCATALOG_COMPILER_APPICON_NAME = AppIcon;
				CODE_SIGN_STYLE = Automatic;
				DEVELOPMENT_TEAM = FF9L5T7Y8K;
				INFOPLIST_FILE = Parstagram/Info.plist;
				LD_RUNPATH_SEARCH_PATHS = (
					"$(inherited)",
					"@executable_path/Frameworks",
				);
				PRODUCT_BUNDLE_IDENTIFIER = com.hunterboleman.Parstagram;
				PRODUCT_NAME = "$(TARGET_NAME)";
				SWIFT_VERSION = 4.2;
				TARGETED_DEVICE_FAMILY = "1,2";
			};
			name = Debug;
		};
		5A7F887B2244433200FD0B3B /* Release */ = {
			isa = XCBuildConfiguration;
			baseConfigurationReference = B30AF5D1358DFB886B0F7DF1 /* Pods-Parstagram.release.xcconfig */;
			buildSettings = {
				ASSETCATALOG_COMPILER_APPICON_NAME = AppIcon;
				CODE_SIGN_STYLE = Automatic;
				DEVELOPMENT_TEAM = FF9L5T7Y8K;
				INFOPLIST_FILE = Parstagram/Info.plist;
				LD_RUNPATH_SEARCH_PATHS = (
					"$(inherited)",
					"@executable_path/Frameworks",
				);
				PRODUCT_BUNDLE_IDENTIFIER = com.hunterboleman.Parstagram;
				PRODUCT_NAME = "$(TARGET_NAME)";
				SWIFT_VERSION = 4.2;
				TARGETED_DEVICE_FAMILY = "1,2";
			};
			name = Release;
		};
		5A7F887D2244433200FD0B3B /* Debug */ = {
			isa = XCBuildConfiguration;
			baseConfigurationReference = 13EDD43715465D371A26A0BA /* Pods-ParstagramTests.debug.xcconfig */;
			buildSettings = {
				ALWAYS_EMBED_SWIFT_STANDARD_LIBRARIES = YES;
				BUNDLE_LOADER = "$(TEST_HOST)";
				CODE_SIGN_STYLE = Automatic;
				DEVELOPMENT_TEAM = FF9L5T7Y8K;
				INFOPLIST_FILE = ParstagramTests/Info.plist;
				LD_RUNPATH_SEARCH_PATHS = (
					"$(inherited)",
					"@executable_path/Frameworks",
					"@loader_path/Frameworks",
				);
				PRODUCT_BUNDLE_IDENTIFIER = com.hunterboleman.ParstagramTests;
				PRODUCT_NAME = "$(TARGET_NAME)";
				SWIFT_VERSION = 4.2;
				TARGETED_DEVICE_FAMILY = "1,2";
				TEST_HOST = "$(BUILT_PRODUCTS_DIR)/Parstagram.app/Parstagram";
			};
			name = Debug;
		};
		5A7F887E2244433200FD0B3B /* Release */ = {
			isa = XCBuildConfiguration;
			baseConfigurationReference = 62D0BCCCFE359605CBBF4734 /* Pods-ParstagramTests.release.xcconfig */;
			buildSettings = {
				ALWAYS_EMBED_SWIFT_STANDARD_LIBRARIES = YES;
				BUNDLE_LOADER = "$(TEST_HOST)";
				CODE_SIGN_STYLE = Automatic;
				DEVELOPMENT_TEAM = FF9L5T7Y8K;
				INFOPLIST_FILE = ParstagramTests/Info.plist;
				LD_RUNPATH_SEARCH_PATHS = (
					"$(inherited)",
					"@executable_path/Frameworks",
					"@loader_path/Frameworks",
				);
				PRODUCT_BUNDLE_IDENTIFIER = com.hunterboleman.ParstagramTests;
				PRODUCT_NAME = "$(TARGET_NAME)";
				SWIFT_VERSION = 4.2;
				TARGETED_DEVICE_FAMILY = "1,2";
				TEST_HOST = "$(BUILT_PRODUCTS_DIR)/Parstagram.app/Parstagram";
			};
			name = Release;
		};
		5A7F88802244433200FD0B3B /* Debug */ = {
			isa = XCBuildConfiguration;
			baseConfigurationReference = 878716A3AA0B8924D65EAA84 /* Pods-ParstagramUITests.debug.xcconfig */;
			buildSettings = {
				ALWAYS_EMBED_SWIFT_STANDARD_LIBRARIES = YES;
				CODE_SIGN_STYLE = Automatic;
				DEVELOPMENT_TEAM = FF9L5T7Y8K;
				INFOPLIST_FILE = ParstagramUITests/Info.plist;
				LD_RUNPATH_SEARCH_PATHS = (
					"$(inherited)",
					"@executable_path/Frameworks",
					"@loader_path/Frameworks",
				);
				PRODUCT_BUNDLE_IDENTIFIER = com.hunterboleman.ParstagramUITests;
				PRODUCT_NAME = "$(TARGET_NAME)";
				SWIFT_VERSION = 4.2;
				TARGETED_DEVICE_FAMILY = "1,2";
				TEST_TARGET_NAME = Parstagram;
			};
			name = Debug;
		};
		5A7F88812244433200FD0B3B /* Release */ = {
			isa = XCBuildConfiguration;
			baseConfigurationReference = E66AB73C58612046FFCE17BC /* Pods-ParstagramUITests.release.xcconfig */;
			buildSettings = {
				ALWAYS_EMBED_SWIFT_STANDARD_LIBRARIES = YES;
				CODE_SIGN_STYLE = Automatic;
				DEVELOPMENT_TEAM = FF9L5T7Y8K;
				INFOPLIST_FILE = ParstagramUITests/Info.plist;
				LD_RUNPATH_SEARCH_PATHS = (
					"$(inherited)",
					"@executable_path/Frameworks",
					"@loader_path/Frameworks",
				);
				PRODUCT_BUNDLE_IDENTIFIER = com.hunterboleman.ParstagramUITests;
				PRODUCT_NAME = "$(TARGET_NAME)";
				SWIFT_VERSION = 4.2;
				TARGETED_DEVICE_FAMILY = "1,2";
				TEST_TARGET_NAME = Parstagram;
			};
			name = Release;
		};
/* End XCBuildConfiguration section */

/* Begin XCConfigurationList section */
		5A7F884C2244433000FD0B3B /* Build configuration list for PBXProject "Parstagram" */ = {
			isa = XCConfigurationList;
			buildConfigurations = (
				5A7F88772244433200FD0B3B /* Debug */,
				5A7F88782244433200FD0B3B /* Release */,
			);
			defaultConfigurationIsVisible = 0;
			defaultConfigurationName = Release;
		};
		5A7F88792244433200FD0B3B /* Build configuration list for PBXNativeTarget "Parstagram" */ = {
			isa = XCConfigurationList;
			buildConfigurations = (
				5A7F887A2244433200FD0B3B /* Debug */,
				5A7F887B2244433200FD0B3B /* Release */,
			);
			defaultConfigurationIsVisible = 0;
			defaultConfigurationName = Release;
		};
		5A7F887C2244433200FD0B3B /* Build configuration list for PBXNativeTarget "ParstagramTests" */ = {
			isa = XCConfigurationList;
			buildConfigurations = (
				5A7F887D2244433200FD0B3B /* Debug */,
				5A7F887E2244433200FD0B3B /* Release */,
			);
			defaultConfigurationIsVisible = 0;
			defaultConfigurationName = Release;
		};
		5A7F887F2244433200FD0B3B /* Build configuration list for PBXNativeTarget "ParstagramUITests" */ = {
			isa = XCConfigurationList;
			buildConfigurations = (
				5A7F88802244433200FD0B3B /* Debug */,
				5A7F88812244433200FD0B3B /* Release */,
			);
			defaultConfigurationIsVisible = 0;
			defaultConfigurationName = Release;
		};
/* End XCConfigurationList section */
	};
	rootObject = 5A7F88492244433000FD0B3B /* Project object */;
}
